
Microsoft Visual Studio Solution File, Format Version 12.00
# Visual Studio Version 17
VisualStudioVersion = 17.1.32421.90
MinimumVisualStudioVersion = 10.0.40219.1
Project("{FAE04EC0-301F-11D3-BF4B-00C04F79EFBC}") = "WPFTest", "WPFTest\WPFTest.csproj", "{17581118-27F4-461C-AA86-8D5BA1057327}"
EndProject
Project("{FAE04EC0-301F-11D3-BF4B-00C04F79EFBC}") = "ApexSpace", "ApexSpace\ApexSpace.csproj", "{BE6760A9-554A-4195-9A48-78E7B3664DF0}"
EndProject
Project("{FAE04EC0-301F-11D3-BF4B-00C04F79EFBC}") = "Costura", "Costura\Costura.csproj", "{4D6E7A47-B1DF-432F-98B9-D794AD338B3A}"
EndProject
Project("{FAE04EC0-301F-11D3-BF4B-00C04F79EFBC}") = "WPFTest.Utils", "WPFTest.Utils\WPFTest.Utils.csproj", "{B26C5402-432E-44FC-A730-E592D3BA93B3}"
EndProject
Project("{FAE04EC0-301F-11D3-BF4B-00C04F79EFBC}") = "WPFTest.Windows", "WPFTest.Windows\WPFTest.Windows.csproj", "{2A329994-055A-47E7-91F9-51662527031B}"
EndProject
Project("{FAE04EC0-301F-11D3-BF4B-00C04F79EFBC}") = "XamlGeneratedNamespace", "XamlGeneratedNamespace\XamlGeneratedNamespace.csproj", "{7A27D8B8-304B-4241-8221-AD6AB8F2BF21}"
EndProject
Global
	GlobalSection(SolutionConfigurationPlatforms) = preSolution
		Debug|Any CPU = Debug|Any CPU
		Release|Any CPU = Release|Any CPU
	EndGlobalSection
	GlobalSection(ProjectConfigurationPlatforms) = postSolution
		{17581118-27F4-461C-AA86-8D5BA1057327}.Debug|Any CPU.ActiveCfg = Debug|Any CPU
		{17581118-27F4-461C-AA86-8D5BA1057327}.Debug|Any CPU.Build.0 = Debug|Any CPU
		{17581118-27F4-461C-AA86-8D5BA1057327}.Release|Any CPU.ActiveCfg = Release|Any CPU
		{17581118-27F4-461C-AA86-8D5BA1057327}.Release|Any CPU.Build.0 = Release|Any CPU
		{BE6760A9-554A-4195-9A48-78E7B3664DF0}.Debug|Any CPU.ActiveCfg = Debug|Any CPU
		{BE6760A9-554A-4195-9A48-78E7B3664DF0}.Debug|Any CPU.Build.0 = Debug|Any CPU
		{BE6760A9-554A-4195-9A48-78E7B3664DF0}.Release|Any CPU.ActiveCfg = Release|Any CPU
		{BE6760A9-554A-4195-9A48-78E7B3664DF0}.Release|Any CPU.Build.0 = Release|Any CPU
		{4D6E7A47-B1DF-432F-98B9-D794AD338B3A}.Debug|Any CPU.ActiveCfg = Debug|Any CPU
		{4D6E7A47-B1DF-432F-98B9-D794AD338B3A}.Debug|Any CPU.Build.0 = Debug|Any CPU
		{4D6E7A47-B1DF-432F-98B9-D794AD338B3A}.Release|Any CPU.ActiveCfg = Release|Any CPU
		{4D6E7A47-B1DF-432F-98B9-D794AD338B3A}.Release|Any CPU.Build.0 = Release|Any CPU
		{B26C5402-432E-44FC-A730-E592D3BA93B3}.Debug|Any CPU.ActiveCfg = Debug|Any CPU
		{B26C5402-432E-44FC-A730-E592D3BA93B3}.Debug|Any CPU.Build.0 = Debug|Any CPU
		{B26C5402-432E-44FC-A730-E592D3BA93B3}.Release|Any CPU.ActiveCfg = Release|Any CPU
		{B26C5402-432E-44FC-A730-E592D3BA93B3}.Release|Any CPU.Build.0 = Release|Any CPU
		{2A329994-055A-47E7-91F9-51662527031B}.Debug|Any CPU.ActiveCfg = Debug|Any CPU
		{2A329994-055A-47E7-91F9-51662527031B}.Debug|Any CPU.Build.0 = Debug|Any CPU
		{2A329994-055A-47E7-91F9-51662527031B}.Release|Any CPU.ActiveCfg = Release|Any CPU
		{2A329994-055A-47E7-91F9-51662527031B}.Release|Any CPU.Build.0 = Release|Any CPU
		{7A27D8B8-304B-4241-8221-AD6AB8F2BF21}.Debug|Any CPU.ActiveCfg = Debug|Any CPU
		{7A27D8B8-304B-4241-8221-AD6AB8F2BF21}.Debug|Any CPU.Build.0 = Debug|Any CPU
		{7A27D8B8-304B-4241-8221-AD6AB8F2BF21}.Release|Any CPU.ActiveCfg = Release|Any CPU
		{7A27D8B8-304B-4241-8221-AD6AB8F2BF21}.Release|Any CPU.Build.0 = Release|Any CPU
	EndGlobalSection
	GlobalSection(SolutionProperties) = preSolution
		HideSolutionNode = FALSE
	EndGlobalSection
	GlobalSection(ExtensibilityGlobals) = postSolution
		SolutionGuid = {A4FFBC79-6899-4856-84DA-E59B1B41CC2A}
	EndGlobalSection
EndGlobal
