
Microsoft Visual Studio Solution File, Format Version 12.00
# Visual Studio Version 17
VisualStudioVersion = 17.1.32421.90
MinimumVisualStudioVersion = 10.0.40219.1
Project("{FAE04EC0-301F-11D3-BF4B-00C04F79EFBC}") = "WPFTest", "WPFTest\WPFTest.csproj", "{17581118-27F4-461C-AA86-8D5BA1057327}"
EndProject
Project("{FAE04EC0-301F-11D3-BF4B-00C04F79EFBC}") = "ApexSpace", "ApexSpace\ApexSpace.csproj", "{BE6760A9-554A-4195-9A48-78E7B3664DF0}"
EndProject
Project("{FAE04EC0-301F-11D3-BF4B-00C04F79EFBC}") = "ApexSpace.Bean", "ApexSpace.Bean\ApexSpace.Bean.csproj", "{C968FBA9-2145-4556-85F6-48EBB111EFC3}"
EndProject
Project("{FAE04EC0-301F-11D3-BF4B-00C04F79EFBC}") = "ApexSpace.data", "ApexSpace.data\ApexSpace.data.csproj", "{D03B90E1-023D-454F-9049-D41E63A41AE9}"
EndProject
Project("{FAE04EC0-301F-11D3-BF4B-00C04F79EFBC}") = "ApexSpace.Utils", "ApexSpace.Utils\ApexSpace.Utils.csproj", "{6DB4BC8D-324F-474E-B221-3B3D7BEA0850}"
EndProject
Project("{FAE04EC0-301F-11D3-BF4B-00C04F79EFBC}") = "Costura", "Costura\Costura.csproj", "{4D6E7A47-B1DF-432F-98B9-D794AD338B3A}"
EndProject
Project("{FAE04EC0-301F-11D3-BF4B-00C04F79EFBC}") = "WPFTest.Activitys", "WPFTest.Activitys\WPFTest.Activitys.csproj", "{088FF23A-26E4-4240-9B0E-1258F0E68EEA}"
EndProject
Project("{FAE04EC0-301F-11D3-BF4B-00C04F79EFBC}") = "WPFTest.Bean", "WPFTest.Bean\WPFTest.Bean.csproj", "{E8EF296E-4826-457E-86E4-AD51EF6B8CE1}"
EndProject
Project("{FAE04EC0-301F-11D3-BF4B-00C04F79EFBC}") = "WPFTest.DriverHelper", "WPFTest.DriverHelper\WPFTest.DriverHelper.csproj", "{F6C10805-400D-41C6-8D43-4D5BE35DD535}"
EndProject
Project("{FAE04EC0-301F-11D3-BF4B-00C04F79EFBC}") = "WPFTest.Pages", "WPFTest.Pages\WPFTest.Pages.csproj", "{505DDB90-54CF-4830-9848-011424468333}"
EndProject
Project("{FAE04EC0-301F-11D3-BF4B-00C04F79EFBC}") = "WPFTest.Properties", "WPFTest.Properties\WPFTest.Properties.csproj", "{7EF2B8DE-761C-48F0-8383-65E962DE3AE8}"
EndProject
Project("{FAE04EC0-301F-11D3-BF4B-00C04F79EFBC}") = "WPFTest.UserControls", "WPFTest.UserControls\WPFTest.UserControls.csproj", "{58FCD960-B446-46B4-B063-5E78F0B48E71}"
EndProject
Project("{FAE04EC0-301F-11D3-BF4B-00C04F79EFBC}") = "WPFTest.Utils", "WPFTest.Utils\WPFTest.Utils.csproj", "{B26C5402-432E-44FC-A730-E592D3BA93B3}"
EndProject
Project("{FAE04EC0-301F-11D3-BF4B-00C04F79EFBC}") = "WPFTest.Windows", "WPFTest.Windows\WPFTest.Windows.csproj", "{2A329994-055A-47E7-91F9-51662527031B}"
EndProject
Project("{FAE04EC0-301F-11D3-BF4B-00C04F79EFBC}") = "XamlGeneratedNamespace", "XamlGeneratedNamespace\XamlGeneratedNamespace.csproj", "{7A27D8B8-304B-4241-8221-AD6AB8F2BF21}"
EndProject
Global
	GlobalSection(SolutionConfigurationPlatforms) = preSolution
		Debug|Any CPU = Debug|Any CPU
		Release|Any CPU = Release|Any CPU
	EndGlobalSection
	GlobalSection(ProjectConfigurationPlatforms) = postSolution
		{17581118-27F4-461C-AA86-8D5BA1057327}.Debug|Any CPU.ActiveCfg = Debug|Any CPU
		{17581118-27F4-461C-AA86-8D5BA1057327}.Debug|Any CPU.Build.0 = Debug|Any CPU
		{17581118-27F4-461C-AA86-8D5BA1057327}.Release|Any CPU.ActiveCfg = Release|Any CPU
		{17581118-27F4-461C-AA86-8D5BA1057327}.Release|Any CPU.Build.0 = Release|Any CPU
		{BE6760A9-554A-4195-9A48-78E7B3664DF0}.Debug|Any CPU.ActiveCfg = Debug|Any CPU
		{BE6760A9-554A-4195-9A48-78E7B3664DF0}.Debug|Any CPU.Build.0 = Debug|Any CPU
		{BE6760A9-554A-4195-9A48-78E7B3664DF0}.Release|Any CPU.ActiveCfg = Release|Any CPU
		{BE6760A9-554A-4195-9A48-78E7B3664DF0}.Release|Any CPU.Build.0 = Release|Any CPU
		{C968FBA9-2145-4556-85F6-48EBB111EFC3}.Debug|Any CPU.ActiveCfg = Debug|Any CPU
		{C968FBA9-2145-4556-85F6-48EBB111EFC3}.Debug|Any CPU.Build.0 = Debug|Any CPU
		{C968FBA9-2145-4556-85F6-48EBB111EFC3}.Release|Any CPU.ActiveCfg = Release|Any CPU
		{C968FBA9-2145-4556-85F6-48EBB111EFC3}.Release|Any CPU.Build.0 = Release|Any CPU
		{D03B90E1-023D-454F-9049-D41E63A41AE9}.Debug|Any CPU.ActiveCfg = Debug|Any CPU
		{D03B90E1-023D-454F-9049-D41E63A41AE9}.Debug|Any CPU.Build.0 = Debug|Any CPU
		{D03B90E1-023D-454F-9049-D41E63A41AE9}.Release|Any CPU.ActiveCfg = Release|Any CPU
		{D03B90E1-023D-454F-9049-D41E63A41AE9}.Release|Any CPU.Build.0 = Release|Any CPU
		{6DB4BC8D-324F-474E-B221-3B3D7BEA0850}.Debug|Any CPU.ActiveCfg = Debug|Any CPU
		{6DB4BC8D-324F-474E-B221-3B3D7BEA0850}.Debug|Any CPU.Build.0 = Debug|Any CPU
		{6DB4BC8D-324F-474E-B221-3B3D7BEA0850}.Release|Any CPU.ActiveCfg = Release|Any CPU
		{6DB4BC8D-324F-474E-B221-3B3D7BEA0850}.Release|Any CPU.Build.0 = Release|Any CPU
		{4D6E7A47-B1DF-432F-98B9-D794AD338B3A}.Debug|Any CPU.ActiveCfg = Debug|Any CPU
		{4D6E7A47-B1DF-432F-98B9-D794AD338B3A}.Debug|Any CPU.Build.0 = Debug|Any CPU
		{4D6E7A47-B1DF-432F-98B9-D794AD338B3A}.Release|Any CPU.ActiveCfg = Release|Any CPU
		{4D6E7A47-B1DF-432F-98B9-D794AD338B3A}.Release|Any CPU.Build.0 = Release|Any CPU
		{088FF23A-26E4-4240-9B0E-1258F0E68EEA}.Debug|Any CPU.ActiveCfg = Debug|Any CPU
		{088FF23A-26E4-4240-9B0E-1258F0E68EEA}.Debug|Any CPU.Build.0 = Debug|Any CPU
		{088FF23A-26E4-4240-9B0E-1258F0E68EEA}.Release|Any CPU.ActiveCfg = Release|Any CPU
		{088FF23A-26E4-4240-9B0E-1258F0E68EEA}.Release|Any CPU.Build.0 = Release|Any CPU
		{E8EF296E-4826-457E-86E4-AD51EF6B8CE1}.Debug|Any CPU.ActiveCfg = Debug|Any CPU
		{E8EF296E-4826-457E-86E4-AD51EF6B8CE1}.Debug|Any CPU.Build.0 = Debug|Any CPU
		{E8EF296E-4826-457E-86E4-AD51EF6B8CE1}.Release|Any CPU.ActiveCfg = Release|Any CPU
		{E8EF296E-4826-457E-86E4-AD51EF6B8CE1}.Release|Any CPU.Build.0 = Release|Any CPU
		{F6C10805-400D-41C6-8D43-4D5BE35DD535}.Debug|Any CPU.ActiveCfg = Debug|Any CPU
		{F6C10805-400D-41C6-8D43-4D5BE35DD535}.Debug|Any CPU.Build.0 = Debug|Any CPU
		{F6C10805-400D-41C6-8D43-4D5BE35DD535}.Release|Any CPU.ActiveCfg = Release|Any CPU
		{F6C10805-400D-41C6-8D43-4D5BE35DD535}.Release|Any CPU.Build.0 = Release|Any CPU
		{505DDB90-54CF-4830-9848-011424468333}.Debug|Any CPU.ActiveCfg = Debug|Any CPU
		{505DDB90-54CF-4830-9848-011424468333}.Debug|Any CPU.Build.0 = Debug|Any CPU
		{505DDB90-54CF-4830-9848-011424468333}.Release|Any CPU.ActiveCfg = Release|Any CPU
		{505DDB90-54CF-4830-9848-011424468333}.Release|Any CPU.Build.0 = Release|Any CPU
		{7EF2B8DE-761C-48F0-8383-65E962DE3AE8}.Debug|Any CPU.ActiveCfg = Debug|Any CPU
		{7EF2B8DE-761C-48F0-8383-65E962DE3AE8}.Debug|Any CPU.Build.0 = Debug|Any CPU
		{7EF2B8DE-761C-48F0-8383-65E962DE3AE8}.Release|Any CPU.ActiveCfg = Release|Any CPU
		{7EF2B8DE-761C-48F0-8383-65E962DE3AE8}.Release|Any CPU.Build.0 = Release|Any CPU
		{58FCD960-B446-46B4-B063-5E78F0B48E71}.Debug|Any CPU.ActiveCfg = Debug|Any CPU
		{58FCD960-B446-46B4-B063-5E78F0B48E71}.Debug|Any CPU.Build.0 = Debug|Any CPU
		{58FCD960-B446-46B4-B063-5E78F0B48E71}.Release|Any CPU.ActiveCfg = Release|Any CPU
		{58FCD960-B446-46B4-B063-5E78F0B48E71}.Release|Any CPU.Build.0 = Release|Any CPU
		{B26C5402-432E-44FC-A730-E592D3BA93B3}.Debug|Any CPU.ActiveCfg = Debug|Any CPU
		{B26C5402-432E-44FC-A730-E592D3BA93B3}.Debug|Any CPU.Build.0 = Debug|Any CPU
		{B26C5402-432E-44FC-A730-E592D3BA93B3}.Release|Any CPU.ActiveCfg = Release|Any CPU
		{B26C5402-432E-44FC-A730-E592D3BA93B3}.Release|Any CPU.Build.0 = Release|Any CPU
		{2A329994-055A-47E7-91F9-51662527031B}.Debug|Any CPU.ActiveCfg = Debug|Any CPU
		{2A329994-055A-47E7-91F9-51662527031B}.Debug|Any CPU.Build.0 = Debug|Any CPU
		{2A329994-055A-47E7-91F9-51662527031B}.Release|Any CPU.ActiveCfg = Release|Any CPU
		{2A329994-055A-47E7-91F9-51662527031B}.Release|Any CPU.Build.0 = Release|Any CPU
		{7A27D8B8-304B-4241-8221-AD6AB8F2BF21}.Debug|Any CPU.ActiveCfg = Debug|Any CPU
		{7A27D8B8-304B-4241-8221-AD6AB8F2BF21}.Debug|Any CPU.Build.0 = Debug|Any CPU
		{7A27D8B8-304B-4241-8221-AD6AB8F2BF21}.Release|Any CPU.ActiveCfg = Release|Any CPU
		{7A27D8B8-304B-4241-8221-AD6AB8F2BF21}.Release|Any CPU.Build.0 = Release|Any CPU
	EndGlobalSection
	GlobalSection(SolutionProperties) = preSolution
		HideSolutionNode = FALSE
	EndGlobalSection
	GlobalSection(ExtensibilityGlobals) = postSolution
		SolutionGuid = {A4FFBC79-6899-4856-84DA-E59B1B41CC2A}
	EndGlobalSection
EndGlobal
