
Microsoft Visual Studio Solution File, Format Version 12.00
# Visual Studio Version 17
VisualStudioVersion = 17.1.32421.90
MinimumVisualStudioVersion = 10.0.40219.1
Project("{FAE04EC0-301F-11D3-BF4B-00C04F79EFBC}") = "ApexSpace", "ApexSpace\ApexSpace.csproj", "{3BF9548D-8F89-4E47-8B30-1D41B7D51BEC}"
EndProject
Project("{FAE04EC0-301F-11D3-BF4B-00C04F79EFBC}") = "WPFTest", "WPFTest\WPFTest.csproj", "{7325B596-6081-4AEA-AFCF-E7F485307D75}"
EndProject
Global
	GlobalSection(SolutionConfigurationPlatforms) = preSolution
		Debug|Any CPU = Debug|Any CPU
		Release|Any CPU = Release|Any CPU
	EndGlobalSection
	GlobalSection(ProjectConfigurationPlatforms) = postSolution
		{3BF9548D-8F89-4E47-8B30-1D41B7D51BEC}.Debug|Any CPU.ActiveCfg = Debug|Any CPU
		{3BF9548D-8F89-4E47-8B30-1D41B7D51BEC}.Debug|Any CPU.Build.0 = Debug|Any CPU
		{3BF9548D-8F89-4E47-8B30-1D41B7D51BEC}.Release|Any CPU.ActiveCfg = Release|Any CPU
		{3BF9548D-8F89-4E47-8B30-1D41B7D51BEC}.Release|Any CPU.Build.0 = Release|Any CPU
		{7325B596-6081-4AEA-AFCF-E7F485307D75}.Debug|Any CPU.ActiveCfg = Debug|Any CPU
		{7325B596-6081-4AEA-AFCF-E7F485307D75}.Debug|Any CPU.Build.0 = Debug|Any CPU
		{7325B596-6081-4AEA-AFCF-E7F485307D75}.Release|Any CPU.ActiveCfg = Release|Any CPU
		{7325B596-6081-4AEA-AFCF-E7F485307D75}.Release|Any CPU.Build.0 = Release|Any CPU
	EndGlobalSection
	GlobalSection(SolutionProperties) = preSolution
		HideSolutionNode = FALSE
	EndGlobalSection
	GlobalSection(ExtensibilityGlobals) = postSolution
		SolutionGuid = {E3409091-6488-4489-BE54-2EDB00DD6203}
	EndGlobalSection
EndGlobal
